{
  "name": "welcome-email-worker",
  "version": "0.1.0",
  "lockfileVersion": 3,
  "requires": true,
  "packages": {
    "": {
      "name": "welcome-email-worker",
      "version": "0.1.0",
      "dependencies": {
        "@opentelemetry/api": "^1.9.1",
        "@opentelemetry/exporter-metrics-otlp-http": "^0.220.0",
        "@opentelemetry/sdk-metrics": "^2.9.0",
        "ioredis": "^5.4.1",
        "nodemailer": "^6.9.14"
      },
      "devDependencies": {
        "@types/node": "^20.14.0",
        "@types/nodemailer": "^6.4.15",
        "typescript": "^5.5.0"
      }
    },
    "node_modules/@ioredis/commands": {
      "version": "1.10.0",
      "resolved": "https://registry.npmjs.org/@ioredis/commands/-/commands-1.10.0.tgz",
      "integrity": "sha512-UmeW7z4LfctwoQ5wkhVzgq8tXkreED2xZGpX+Bg+zA+WJFZCT6c062AfCK/Dfk81xZnnwdhJCUMkitihRaoC2Q==",
      "license": "MIT"
    },
    "node_modules/@opentelemetry/api": {
      "version": "1.9.1",
      "resolved": "https://registry.npmjs.org/@opentelemetry/api/-/api-1.9.1.tgz",
      "integrity": "sha512-gLyJlPHPZYdAk1JENA9LeHejZe1Ti77/pTeFm/nMXmQH/HFZlcS/O2XJB+L8fkbrNSqhdtlvjBVjxwUYanNH5Q==",
      "license": "Apache-2.0",
      "engines": {
        "node": ">=8.0.0"
      }
    },
    "node_modules/@opentelemetry/api-logs": {
      "version": "0.220.0",
      "resolved": "https://registry.npmjs.org/@opentelemetry/api-logs/-/api-logs-0.220.0.tgz",
      "integrity": "sha512-CmVa4ImJ+ynfrPMNaAXHET6Bhb44SwzmfyVJFq9ni2jgXJR/l7C6gfVFddNmHP+ZOkP9cf4f9DBe68qVLTHc9w==",
      "license": "Apache-2.0",
      "dependencies": {
        "@opentelemetry/api": "^1.3.0"
      },
      "engines": {
        "node": ">=8.0.0"
      }
    },
    "node_modules/@opentelemetry/core": {
      "version": "2.9.0",
      "resolved": "https://registry.npmjs.org/@opentelemetry/core/-/core-2.9.0.tgz",
      "integrity": "sha512-m2nckMT80NnmjTYSPjJQObBJ+8dgkoajEOUbznL8AHZ3T3yHRk2P7gI1PhEBc1+lOnrYE9UWrWHqJDsmqjmNbw==",
      "license": "Apache-2.0",
      "dependencies": {
        "@opentelemetry/semantic-conventions": "^1.29.0"
      },
      "engines": {
        "node": "^18.19.0 || >=20.6.0"
      },
      "peerDependencies": {
        "@opentelemetry/api": ">=1.0.0 <1.10.0"
      }
    },
    "node_modules/@opentelemetry/exporter-metrics-otlp-http": {
      "version": "0.220.0",
      "resolved": "https://registry.npmjs.org/@opentelemetry/exporter-metrics-otlp-http/-/exporter-metrics-otlp-http-0.220.0.tgz",
      "integrity": "sha512-Yqt3RBw/bRVncaE9qIIhk4WfjbAQqXuP9FgAaU+IKPndnLEp/cUqZlSC324+bpmduRz7DoTjig8Ub0PeILWXUA==",
      "license": "Apache-2.0",
      "dependencies": {
        "@opentelemetry/core": "2.9.0",
        "@opentelemetry/otlp-exporter-base": "0.220.0",
        "@opentelemetry/otlp-transformer": "0.220.0",
        "@opentelemetry/resources": "2.9.0",
        "@opentelemetry/sdk-metrics": "2.9.0"
      },
      "engines": {
        "node": "^18.19.0 || >=20.6.0"
      },
      "peerDependencies": {
        "@opentelemetry/api": "^1.3.0"
      }
    },
    "node_modules/@opentelemetry/otlp-exporter-base": {
      "version": "0.220.0",
      "resolved": "https://registry.npmjs.org/@opentelemetry/otlp-exporter-base/-/otlp-exporter-base-0.220.0.tgz",
      "integrity": "sha512-CXYo8UD5Mn9YbgebO2EL4wejtA+gxLmLiu6HCk2KH2BR7XhFN6/6p1UlCb23DYCjeYkndevLHuejCCN1yx4+OQ==",
      "license": "Apache-2.0",
      "dependencies": {
        "@opentelemetry/core": "2.9.0",
        "@opentelemetry/otlp-transformer": "0.220.0"
      },
      "engines": {
        "node": "^18.19.0 || >=20.6.0"
      },
      "peerDependencies": {
        "@opentelemetry/api": "^1.3.0"
      }
    },
    "node_modules/@opentelemetry/otlp-transformer": {
      "version": "0.220.0",
      "resolved": "https://registry.npmjs.org/@opentelemetry/otlp-transformer/-/otlp-transformer-0.220.0.tgz",
      "integrity": "sha512-lXGrv7KXZ0gNH9SVNUaa6vv6phVYGvJxfXAlMbzbakiXru75f5MZl8Z7oqiMMQD77riVHJCFlQvbZs/VVN2/4A==",
      "license": "Apache-2.0",
      "dependencies": {
        "@opentelemetry/api-logs": "0.220.0",
        "@opentelemetry/core": "2.9.0",
        "@opentelemetry/resources": "2.9.0",
        "@opentelemetry/sdk-logs": "0.220.0",
        "@opentelemetry/sdk-metrics": "2.9.0",
        "@opentelemetry/sdk-trace": "2.9.0"
      },
      "engines": {
        "node": "^18.19.0 || >=20.6.0"
      },
      "peerDependencies": {
        "@opentelemetry/api": "^1.3.0"
      }
    },
    "node_modules/@opentelemetry/resources": {
      "version": "2.9.0",
      "resolved": "https://registry.npmjs.org/@opentelemetry/resources/-/resources-2.9.0.tgz",
      "integrity": "sha512-jyA5MBLQ+Dkl3+JsZkUoUvL7yHvU64kLsvpXKarWm6347Sl1t1bXFTFykUePNpT5WH5pm9a2Qtt03iIYQhZ1Fg==",
      "license": "Apache-2.0",
      "dependencies": {
        "@opentelemetry/core": "2.9.0",
        "@opentelemetry/semantic-conventions": "^1.29.0"
      },
      "engines": {
        "node": "^18.19.0 || >=20.6.0"
      },
      "peerDependencies": {
        "@opentelemetry/api": ">=1.3.0 <1.10.0"
      }
    },
    "node_modules/@opentelemetry/sdk-logs": {
      "version": "0.220.0",
      "resolved": "https://registry.npmjs.org/@opentelemetry/sdk-logs/-/sdk-logs-0.220.0.tgz",
      "integrity": "sha512-WywcTkQtv2iNmt+6y5Kcd4rzvx9bLVsBa2Nwcmg01IUaBTkTow3W4d9KE5vNBpEDtb9tp21WcRBY/lANRrApYA==",
      "license": "Apache-2.0",
      "dependencies": {
        "@opentelemetry/api-logs": "0.220.0",
        "@opentelemetry/core": "2.9.0",
        "@opentelemetry/resources": "2.9.0",
        "@opentelemetry/semantic-conventions": "^1.29.0"
      },
      "engines": {
        "node": "^18.19.0 || >=20.6.0"
      },
      "peerDependencies": {
        "@opentelemetry/api": ">=1.4.0 <1.10.0"
      }
    },
    "node_modules/@opentelemetry/sdk-metrics": {
      "version": "2.9.0",
      "resolved": "https://registry.npmjs.org/@opentelemetry/sdk-metrics/-/sdk-metrics-2.9.0.tgz",
      "integrity": "sha512-Xx8RGS4H5XEBl01WuCreMIpiah9cCXMbSkeuIePPdD2cUpq/vUzYmj8E/MK1OsbOc93FuAD4jfn2WOacKwLn7Q==",
      "license": "Apache-2.0",
      "dependencies": {
        "@opentelemetry/core": "2.9.0",
        "@opentelemetry/resources": "2.9.0"
      },
      "engines": {
        "node": "^18.19.0 || >=20.6.0"
      },
      "peerDependencies": {
        "@opentelemetry/api": ">=1.9.0 <1.10.0"
      }
    },
    "node_modules/@opentelemetry/sdk-trace": {
      "version": "2.9.0",
      "resolved": "https://registry.npmjs.org/@opentelemetry/sdk-trace/-/sdk-trace-2.9.0.tgz",
      "integrity": "sha512-sGA19HvtrrSKYsseHphluH6j3p6Xa3fqc7c7y8f/7mYWejc1lyDFcpSdD1kYa50HCLUeEo4zA5bW0pniaPszuw==",
      "license": "Apache-2.0",
      "dependencies": {
        "@opentelemetry/core": "2.9.0",
        "@opentelemetry/resources": "2.9.0",
        "@opentelemetry/semantic-conventions": "^1.29.0"
      },
      "engines": {
        "node": "^18.19.0 || >=20.6.0"
      },
      "peerDependencies": {
        "@opentelemetry/api": ">=1.3.0 <1.10.0"
      }
    },
    "node_modules/@opentelemetry/semantic-conventions": {
      "version": "1.43.0",
      "resolved": "https://registry.npmjs.org/@opentelemetry/semantic-conventions/-/semantic-conventions-1.43.0.tgz",
      "integrity": "sha512-eSYWTm620tTk45EKSedaUL8MFYI8hW164hIXsgIHyxu3VobUB3fFCu5t0hQby6OoWRPsG1KkKUG2M5UadiLiVg==",
      "license": "Apache-2.0",
      "engines": {
        "node": ">=14"
      }
    },
    "node_modules/@types/node": {
      "version": "20.19.43",
      "resolved": "https://registry.npmjs.org/@types/node/-/node-20.19.43.tgz",
      "integrity": "sha512-6oYBAi5ikg4Pl+kGsoYtawUMBT2zZMCvPNF7pVLnHZfd1zf38DRiWn/gT01RYCdUqkv7Fhr+C9ot4/tb+2sVvA==",
      "dev": true,
      "license": "MIT",
      "dependencies": {
        "undici-types": "~6.21.0"
      }
    },
    "node_modules/@types/nodemailer": {
      "version": "6.4.24",
      "resolved": "https://registry.npmjs.org/@types/nodemailer/-/nodemailer-6.4.24.tgz",
      "integrity": "sha512-Ww4u0rT9wQNXh4JiQaIwx3QWdcOFXzOjQA2zc+jtFYNmQiT4mIUqcDin51bDFdkzKubFnQCZNK7FIHlPKQ/q9w==",
      "dev": true,
      "license": "MIT",
      "dependencies": {
        "@types/node": "*"
      }
    },
    "node_modules/cluster-key-slot": {
      "version": "1.1.1",
      "resolved": "https://registry.npmjs.org/cluster-key-slot/-/cluster-key-slot-1.1.1.tgz",
      "integrity": "sha512-rwHwUfXL40Chm1r08yrhU3qpUvdVlgkKNeyeGPOxnW8/SyVDvgRaed/Uz54AqWNaTCAThlj6QAs3TZcKI0xDEw==",
      "license": "Apache-2.0",
      "engines": {
        "node": ">=0.10.0"
      }
    },
    "node_modules/debug": {
      "version": "4.4.3",
      "resolved": "https://registry.npmjs.org/debug/-/debug-4.4.3.tgz",
      "integrity": "sha512-RGwwWnwQvkVfavKVt22FGLw+xYSdzARwm0ru6DhTVA3umU5hZc28V3kO4stgYryrTlLpuvgI9GiijltAjNbcqA==",
      "license": "MIT",
      "dependencies": {
        "ms": "^2.1.3"
      },
      "engines": {
        "node": ">=6.0"
      },
      "peerDependenciesMeta": {
        "supports-color": {
          "optional": true
        }
      }
    },
    "node_modules/denque": {
      "version": "2.1.0",
      "resolved": "https://registry.npmjs.org/denque/-/denque-2.1.0.tgz",
      "integrity": "sha512-HVQE3AAb/pxF8fQAoiqpvg9i3evqug3hoiwakOyZAwJm+6vZehbkYXZ0l4JxS+I3QxM97v5aaRNhj8v5oBhekw==",
      "license": "Apache-2.0",
      "engines": {
        "node": ">=0.10"
      }
    },
    "node_modules/ioredis": {
      "version": "5.11.1",
      "resolved": "https://registry.npmjs.org/ioredis/-/ioredis-5.11.1.tgz",
      "integrity": "sha512-ehuGcf94bQXhfagULNXrJdfnWO38v070jxSx/qE87Kjzmu2fU7ro5EFAb+OPituLqgfyuQaym5DlrNydW2sJ9A==",
      "license": "MIT",
      "dependencies": {
        "@ioredis/commands": "1.10.0",
        "cluster-key-slot": "1.1.1",
        "debug": "4.4.3",
        "denque": "2.1.0",
        "redis-errors": "1.2.0",
        "redis-parser": "3.0.0",
        "standard-as-callback": "2.1.0"
      },
      "engines": {
        "node": ">=12.22.0"
      },
      "funding": {
        "type": "opencollective",
        "url": "https://opencollective.com/ioredis"
      }
    },
    "node_modules/ms": {
      "version": "2.1.3",
      "resolved": "https://registry.npmjs.org/ms/-/ms-2.1.3.tgz",
      "integrity": "sha512-6FlzubTLZG3J2a/NVCAleEhjzq5oxgHyaCU9yYXvcLsvoVaHJq/s5xXI6/XXP6tz7R9xAOtHnSO/tXtF3WRTlA==",
      "license": "MIT"
    },
    "node_modules/nodemailer": {
      "version": "6.10.1",
      "resolved": "https://registry.npmjs.org/nodemailer/-/nodemailer-6.10.1.tgz",
      "integrity": "sha512-Z+iLaBGVaSjbIzQ4pX6XV41HrooLsQ10ZWPUehGmuantvzWoDVBnmsdUcOIDM1t+yPor5pDhVlDESgOMEGxhHA==",
      "license": "MIT-0",
      "engines": {
        "node": ">=6.0.0"
      }
    },
    "node_modules/redis-errors": {
      "version": "1.2.0",
      "resolved": "https://registry.npmjs.org/redis-errors/-/redis-errors-1.2.0.tgz",
      "integrity": "sha512-1qny3OExCf0UvUV/5wpYKf2YwPcOqXzkwKKSmKHiE6ZMQs5heeE/c8eXK+PNllPvmjgAbfnsbpkGZWy8cBpn9w==",
      "license": "MIT",
      "engines": {
        "node": ">=4"
      }
    },
    "node_modules/redis-parser": {
      "version": "3.0.0",
      "resolved": "https://registry.npmjs.org/redis-parser/-/redis-parser-3.0.0.tgz",
      "integrity": "sha512-DJnGAeenTdpMEH6uAJRK/uiyEIH9WVsUmoLwzudwGJUwZPp80PDBWPHXSAGNPwNvIXAbe7MSUB1zQFugFml66A==",
      "license": "MIT",
      "dependencies": {
        "redis-errors": "^1.0.0"
      },
      "engines": {
        "node": ">=4"
      }
    },
    "node_modules/standard-as-callback": {
      "version": "2.1.0",
      "resolved": "https://registry.npmjs.org/standard-as-callback/-/standard-as-callback-2.1.0.tgz",
      "integrity": "sha512-qoRRSyROncaz1z0mvYqIE4lCd9p2R90i6GxW3uZv5ucSu8tU7B5HXUP1gG8pVZsYNVaXjk8ClXHPttLyxAL48A==",
      "license": "MIT"
    },
    "node_modules/typescript": {
      "version": "5.9.3",
      "resolved": "https://registry.npmjs.org/typescript/-/typescript-5.9.3.tgz",
      "integrity": "sha512-jl1vZzPDinLr9eUt3J/t7V6FgNEw9QjvBPdysz9KfQDD41fQrC2Y4vKQdiaUpFT4bXlb1RHhLpp8wtm6M5TgSw==",
      "dev": true,
      "license": "Apache-2.0",
      "bin": {
        "tsc": "bin/tsc",
        "tsserver": "bin/tsserver"
      },
      "engines": {
        "node": ">=14.17"
      }
    },
    "node_modules/undici-types": {
      "version": "6.21.0",
      "resolved": "https://registry.npmjs.org/undici-types/-/undici-types-6.21.0.tgz",
      "integrity": "sha512-iwDZqg0QAGrg9Rav5H4n0M64c3mkR59cJ6wQp+7C4nI0gsmExaedaYLNO44eT4AtBBwjbTiGPMlt2Md0T9H9JQ==",
      "dev": true,
      "license": "MIT"
    }
  }
}
